
Microsoft Visual Studio Solution File, Format Version 12.00
# Visual Studio 15
VisualStudioVersion = 15.0.28010.2048
MinimumVisualStudioVersion = 10.0.40219.1
Project("{FAE04EC0-301F-11D3-BF4B-00C04F79EFBC}") = "FriendOrganizer.UI", "FriendOrganizer.UI\FriendOrganizer.UI.csproj", "{67BB0959-D4DD-4658-8E65-BD693129BDD2}"
EndProject
Project("{FAE04EC0-301F-11D3-BF4B-00C04F79EFBC}") = "FriendOrganizer.DataAccess", "FriendOrganizer.DataAccess\FriendOrganizer.DataAccess.csproj", "{36CB23DC-D303-461E-81F7-AB6D459413B8}"
EndProject
Project("{FAE04EC0-301F-11D3-BF4B-00C04F79EFBC}") = "FriendOrganizer.Model", "FriendOrganizer.Model\FriendOrganizer.Model.csproj", "{EC6D4057-20E5-4314-A901-0842D04717E0}"
EndProject
Global
	GlobalSection(SolutionConfigurationPlatforms) = preSolution
		Debug|Any CPU = Debug|Any CPU
		Release|Any CPU = Release|Any CPU
	EndGlobalSection
	GlobalSection(ProjectConfigurationPlatforms) = postSolution
		{67BB0959-D4DD-4658-8E65-BD693129BDD2}.Debug|Any CPU.ActiveCfg = Debug|Any CPU
		{67BB0959-D4DD-4658-8E65-BD693129BDD2}.Debug|Any CPU.Build.0 = Debug|Any CPU
		{67BB0959-D4DD-4658-8E65-BD693129BDD2}.Release|Any CPU.ActiveCfg = Release|Any CPU
		{67BB0959-D4DD-4658-8E65-BD693129BDD2}.Release|Any CPU.Build.0 = Release|Any CPU
		{36CB23DC-D303-461E-81F7-AB6D459413B8}.Debug|Any CPU.ActiveCfg = Debug|Any CPU
		{36CB23DC-D303-461E-81F7-AB6D459413B8}.Debug|Any CPU.Build.0 = Debug|Any CPU
		{36CB23DC-D303-461E-81F7-AB6D459413B8}.Release|Any CPU.ActiveCfg = Release|Any CPU
		{36CB23DC-D303-461E-81F7-AB6D459413B8}.Release|Any CPU.Build.0 = Release|Any CPU
		{EC6D4057-20E5-4314-A901-0842D04717E0}.Debug|Any CPU.ActiveCfg = Debug|Any CPU
		{EC6D4057-20E5-4314-A901-0842D04717E0}.Debug|Any CPU.Build.0 = Debug|Any CPU
		{EC6D4057-20E5-4314-A901-0842D04717E0}.Release|Any CPU.ActiveCfg = Release|Any CPU
		{EC6D4057-20E5-4314-A901-0842D04717E0}.Release|Any CPU.Build.0 = Release|Any CPU
	EndGlobalSection
	GlobalSection(SolutionProperties) = preSolution
		HideSolutionNode = FALSE
	EndGlobalSection
	GlobalSection(ExtensibilityGlobals) = postSolution
		SolutionGuid = {2E6544D3-F412-40B0-BE51-DC9709A24319}
	EndGlobalSection
EndGlobal
